// !$*UTF8*$!
{
	archiveVersion = 1;
	classes = {
	};
	objectVersion = 46;
	objects = {

/* Begin PBXBuildFile section */
		C00016061EC72EC8004861E0 /* AppDelegate.swift in Sources */ = {isa = PBXBuildFile; fileRef = C00016051EC72EC8004861E0 /* AppDelegate.swift */; };
		C00016081EC72EC8004861E0 /* ViewController.swift in Sources */ = {isa = PBXBuildFile; fileRef = C00016071EC72EC8004861E0 /* ViewController.swift */; };
		C000160B1EC72EC8004861E0 /* Main.storyboard in Resources */ = {isa = PBXBuildFile; fileRef = C00016091EC72EC8004861E0 /* Main.storyboard */; };
		C000160D1EC72EC8004861E0 /* Assets.xcassets in Resources */ = {isa = PBXBuildFile; fileRef = C000160C1EC72EC8004861E0 /* Assets.xcassets */; };
		C00016101EC72EC8004861E0 /* LaunchScreen.storyboard in Resources */ = {isa = PBXBuildFile; fileRef = C000160E1EC72EC8004861E0 /* LaunchScreen.storyboard */; };
/* End PBXBuildFile section */

/* Begin PBXFileReference section */
		C00016021EC72EC8004861E0 /* iOT-light-bulb.app */ = {isa = PBXFileReference; explicitFileType = wrapper.application; includeInIndex = 0; path = "iOT-light-bulb.app"; sourceTree = BUILT_PRODUCTS_DIR; };
		C00016051EC72EC8004861E0 /* AppDelegate.swift */ = {isa = PBXFileReference; lastKnownFileType = sourcecode.swift; path = AppDelegate.swift; sourceTree = "<group>"; };
		C00016071EC72EC8004861E0 /* ViewController.swift */ = {isa = PBXFileReference; lastKnownFileType = sourcecode.swift; path = ViewController.swift; sourceTree = "<group>"; };
		C000160A1EC72EC8004861E0 /* Base */ = {isa = PBXFileReference; lastKnownFileType = file.storyboard; name = Base; path = Base.lproj/Main.storyboard; sourceTree = "<group>"; };
		C000160C1EC72EC8004861E0 /* Assets.xcassets */ = {isa = PBXFileReference; lastKnownFileType = folder.assetcatalog; path = Assets.xcassets; sourceTree = "<group>"; };
		C000160F1EC72EC8004861E0 /* Base */ = {isa = PBXFileReference; lastKnownFileType = file.storyboard; name = Base; path = Base.lproj/LaunchScreen.storyboard; sourceTree = "<group>"; };
		C00016111EC72EC8004861E0 /* Info.plist */ = {isa = PBXFileReference; lastKnownFileType = text.plist.xml; path = Info.plist; sourceTree = "<group>"; };
/* End PBXFileReference section */

/* Begin PBXFrameworksBuildPhase section */
		C00015FF1EC72EC8004861E0 /* Frameworks */ = {
			isa = PBXFrameworksBuildPhase;
			buildActionMask = 2147483647;
			files = (
			);
			runOnlyForDeploymentPostprocessing = 0;
		};
/* End PBXFrameworksBuildPhase section */

/* Begin PBXGroup section */
		C00015F91EC72EC8004861E0 = {
			isa = PBXGroup;
			children = (
				C00016041EC72EC8004861E0 /* iOT-light-bulb */,
				C00016031EC72EC8004861E0 /* Products */,
			);
			sourceTree = "<group>";
		};
		C00016031EC72EC8004861E0 /* Products */ = {
			isa = PBXGroup;
			children = (
				C00016021EC72EC8004861E0 /* iOT-light-bulb.app */,
			);
			name = Products;
			sourceTree = "<group>";
		};
		C00016041EC72EC8004861E0 /* iOT-light-bulb */ = {
			isa = PBXGroup;
			children = (
				C00016051EC72EC8004861E0 /* AppDelegate.swift */,
				C00016071EC72EC8004861E0 /* ViewController.swift */,
				C00016091EC72EC8004861E0 /* Main.storyboard */,
				C000160C1EC72EC8004861E0 /* Assets.xcassets */,
				C000160E1EC72EC8004861E0 /* LaunchScreen.storyboard */,
				C00016111EC72EC8004861E0 /* Info.plist */,
			);
			path = "iOT-light-bulb";
			sourceTree = "<group>";
		};
/* End PBXGroup section */

/* Begin PBXNativeTarget section */
		C00016011EC72EC8004861E0 /* iOT-light-bulb */ = {
			isa = PBXNativeTarget;
			buildConfigurationList = C00016141EC72EC8004861E0 /* Build configuration list for PBXNativeTarget "iOT-light-bulb" */;
			buildPhases = (
				C00015FE1EC72EC8004861E0 /* Sources */,
				C00015FF1EC72EC8004861E0 /* Frameworks */,
				C00016001EC72EC8004861E0 /* Resources */,
			);
			buildRules = (
			);
			dependencies = (
			);
			name = "iOT-light-bulb";
			productName = "iOT-light-bulb";
			productReference = C00016021EC72EC8004861E0 /* iOT-light-bulb.app */;
			productType = "com.apple.product-type.application";
		};
/* End PBXNativeTarget section */

/* Begin PBXProject section */
		C00015FA1EC72EC8004861E0 /* Project object */ = {
			isa = PBXProject;
			attributes = {
				LastSwiftUpdateCheck = 0830;
				LastUpgradeCheck = 0830;
				ORGANIZATIONNAME = johnsonlwh7;
				TargetAttributes = {
					C00016011EC72EC8004861E0 = {
						CreatedOnToolsVersion = 8.3.2;
						DevelopmentTeam = V548K946KK;
						ProvisioningStyle = Automatic;
					};
				};
			};
			buildConfigurationList = C00015FD1EC72EC8004861E0 /* Build configuration list for PBXProject "iOT-light-bulb" */;
			compatibilityVersion = "Xcode 3.2";
			developmentRegion = English;
			hasScannedForEncodings = 0;
			knownRegions = (
				en,
				Base,
			);
			mainGroup = C00015F91EC72EC8004861E0;
			productRefGroup = C00016031EC72EC8004861E0 /* Products */;
			projectDirPath = "";
			projectRoot = "";
			targets = (
				C00016011EC72EC8004861E0 /* iOT-light-bulb */,
			);
		};
/* End PBXProject section */

/* Begin PBXResourcesBuildPhase section */
		C00016001EC72EC8004861E0 /* Resources */ = {
			isa = PBXResourcesBuildPhase;
			buildActionMask = 2147483647;
			files = (
				C00016101EC72EC8004861E0 /* LaunchScreen.storyboard in Resources */,
				C000160D1EC72EC8004861E0 /* Assets.xcassets in Resources */,
				C000160B1EC72EC8004861E0 /* Main.storyboard in Resources */,
			);
			runOnlyForDeploymentPostprocessing = 0;
		};
/* End PBXResourcesBuildPhase section */

/* Begin PBXSourcesBuildPhase section */
		C00015FE1EC72EC8004861E0 /* Sources */ = {
			isa = PBXSourcesBuildPhase;
			buildActionMask = 2147483647;
			files = (
				C00016081EC72EC8004861E0 /* ViewController.swift in Sources */,
				C00016061EC72EC8004861E0 /* AppDelegate.swift in Sources */,
			);
			runOnlyForDeploymentPostprocessing = 0;
		};
/* End PBXSourcesBuildPhase section */

/* Begin PBXVariantGroup section */
		C00016091EC72EC8004861E0 /* Main.storyboard */ = {
			isa = PBXVariantGroup;
			children = (
				C000160A1EC72EC8004861E0 /* Base */,
			);
			name = Main.storyboard;
			sourceTree = "<group>";
		};
		C000160E1EC72EC8004861E0 /* LaunchScreen.storyboard */ = {
			isa = PBXVariantGroup;
			children = (
				C000160F1EC72EC8004861E0 /* Base */,
			);
			name = LaunchScreen.storyboard;
			sourceTree = "<group>";
		};
/* End PBXVariantGroup section */

/* Begin XCBuildConfiguration section */
		C00016121EC72EC8004861E0 /* Debug */ = {
			isa = XCBuildConfiguration;
			buildSettings = {
				ALWAYS_SEARCH_USER_PATHS = NO;
				CLANG_ANALYZER_NONNULL = YES;
				CLANG_ANALYZER_NUMBER_OBJECT_CONVERSION = YES_AGGRESSIVE;
				CLANG_CXX_LANGUAGE_STANDARD = "gnu++0x";
				CLANG_CXX_LIBRARY = "libc++";
				CLANG_ENABLE_MODULES = YES;
				CLANG_ENABLE_OBJC_ARC = YES;
				CLANG_WARN_BOOL_CONVERSION = YES;
				CLANG_WARN_CONSTANT_CONVERSION = YES;
				CLANG_WARN_DIRECT_OBJC_ISA_USAGE = YES_ERROR;
				CLANG_WARN_DOCUMENTATION_COMMENTS = YES;
				CLANG_WARN_EMPTY_BODY = YES;
				CLANG_WARN_ENUM_CONVERSION = YES;
				CLANG_WARN_INFINITE_RECURSION = YES;
				CLANG_WARN_INT_CONVERSION = YES;
				CLANG_WARN_OBJC_ROOT_CLASS = YES_ERROR;
				CLANG_WARN_SUSPICIOUS_MOVE = YES;
				CLANG_WARN_UNREACHABLE_CODE = YES;
				CLANG_WARN__DUPLICATE_METHOD_MATCH = YES;
				"CODE_SIGN_IDENTITY[sdk=iphoneos*]" = "iPhone Developer";
				COPY_PHASE_STRIP = NO;
				DEBUG_INFORMATION_FORMAT = dwarf;
				ENABLE_STRICT_OBJC_MSGSEND = YES;
				ENABLE_TESTABILITY = YES;
				GCC_C_LANGUAGE_STANDARD = gnu99;
				GCC_DYNAMIC_NO_PIC = NO;
				GCC_NO_COMMON_BLOCKS = YES;
				GCC_OPTIMIZATION_LEVEL = 0;
				GCC_PREPROCESSOR_DEFINITIONS = (
					"DEBUG=1",
					"$(inherited)",
				);
				GCC_WARN_64_TO_32_BIT_CONVERSION = YES;
				GCC_WARN_ABOUT_RETURN_TYPE = YES_ERROR;
				GCC_WARN_UNDECLARED_SELECTOR = YES;
				GCC_WARN_UNINITIALIZED_AUTOS = YES_AGGRESSIVE;
				GCC_WARN_UNUSED_FUNCTION = YES;
				GCC_WARN_UNUSED_VARIABLE = YES;
				IPHONEOS_DEPLOYMENT_TARGET = 10.3;
				MTL_ENABLE_DEBUG_INFO = YES;
				ONLY_ACTIVE_ARCH = YES;
				SDKROOT = iphoneos;
				SWIFT_ACTIVE_COMPILATION_CONDITIONS = DEBUG;
				SWIFT_OPTIMIZATION_LEVEL = "-Onone";
				TARGETED_DEVICE_FAMILY = "1,2";
			};
			name = Debug;
		};
		C00016131EC72EC8004861E0 /* Release */ = {
			isa = XCBuildConfiguration;
			buildSettings = {
				ALWAYS_SEARCH_USER_PATHS = NO;
				CLANG_ANALYZER_NONNULL = YES;
				CLANG_ANALYZER_NUMBER_OBJECT_CONVERSION = YES_AGGRESSIVE;
				CLANG_CXX_LANGUAGE_STANDARD = "gnu++0x";
				CLANG_CXX_LIBRARY = "libc++";
				CLANG_ENABLE_MODULES = YES;
				CLANG_ENABLE_OBJC_ARC = YES;
				CLANG_WARN_BOOL_CONVERSION = YES;
				CLANG_WARN_CONSTANT_CONVERSION = YES;
				CLANG_WARN_DIRECT_OBJC_ISA_USAGE = YES_ERROR;
				CLANG_WARN_DOCUMENTATION_COMMENTS = YES;
				CLANG_WARN_EMPTY_BODY = YES;
				CLANG_WARN_ENUM_CONVERSION = YES;
				CLANG_WARN_INFINITE_RECURSION = YES;
				CLANG_WARN_INT_CONVERSION = YES;
				CLANG_WARN_OBJC_ROOT_CLASS = YES_ERROR;
				CLANG_WARN_SUSPICIOUS_MOVE = YES;
				CLANG_WARN_UNREACHABLE_CODE = YES;
				CLANG_WARN__DUPLICATE_METHOD_MATCH = YES;
				"CODE_SIGN_IDENTITY[sdk=iphoneos*]" = "iPhone Developer";
				COPY_PHASE_STRIP = NO;
				DEBUG_INFORMATION_FORMAT = "dwarf-with-dsym";
				ENABLE_NS_ASSERTIONS = NO;
				ENABLE_STRICT_OBJC_MSGSEND = YES;
				GCC_C_LANGUAGE_STANDARD = gnu99;
				GCC_NO_COMMON_BLOCKS = YES;
				GCC_WARN_64_TO_32_BIT_CONVERSION = YES;
				GCC_WARN_ABOUT_RETURN_TYPE = YES_ERROR;
				GCC_WARN_UNDECLARED_SELECTOR = YES;
				GCC_WARN_UNINITIALIZED_AUTOS = YES_AGGRESSIVE;
				GCC_WARN_UNUSED_FUNCTION = YES;
				GCC_WARN_UNUSED_VARIABLE = YES;
				IPHONEOS_DEPLOYMENT_TARGET = 10.3;
				MTL_ENABLE_DEBUG_INFO = NO;
				SDKROOT = iphoneos;
				SWIFT_OPTIMIZATION_LEVEL = "-Owholemodule";
				TARGETED_DEVICE_FAMILY = "1,2";
				VALIDATE_PRODUCT = YES;
			};
			name = Release;
		};
		C00016151EC72EC8004861E0 /* Debug */ = {
			isa = XCBuildConfiguration;
			buildSettings = {
				ASSETCATALOG_COMPILER_APPICON_NAME = AppIcon;
				DEVELOPMENT_TEAM = V548K946KK;
				INFOPLIST_FILE = "iOT-light-bulb/Info.plist";
				LD_RUNPATH_SEARCH_PATHS = "$(inherited) @executable_path/Frameworks";
				PRODUCT_BUNDLE_IDENTIFIER = "com.johnsonlwh7.learn.iOT-light-bulb";
				PRODUCT_NAME = "$(TARGET_NAME)";
				SWIFT_VERSION = 3.0;
			};
			name = Debug;
		};
		C00016161EC72EC8004861E0 /* Release */ = {
			isa = XCBuildConfiguration;
			buildSettings = {
				ASSETCATALOG_COMPILER_APPICON_NAME = AppIcon;
				DEVELOPMENT_TEAM = V548K946KK;
				INFOPLIST_FILE = "iOT-light-bulb/Info.plist";
				LD_RUNPATH_SEARCH_PATHS = "$(inherited) @executable_path/Frameworks";
				PRODUCT_BUNDLE_IDENTIFIER = "com.johnsonlwh7.learn.iOT-light-bulb";
				PRODUCT_NAME = "$(TARGET_NAME)";
				SWIFT_VERSION = 3.0;
			};
			name = Release;
		};
/* End XCBuildConfiguration section */

/* Begin XCConfigurationList section */
		C00015FD1EC72EC8004861E0 /* Build configuration list for PBXProject "iOT-light-bulb" */ = {
			isa = XCConfigurationList;
			buildConfigurations = (
				C00016121EC72EC8004861E0 /* Debug */,
				C00016131EC72EC8004861E0 /* Release */,
			);
			defaultConfigurationIsVisible = 0;
			defaultConfigurationName = Release;
		};
		C00016141EC72EC8004861E0 /* Build configuration list for PBXNativeTarget "iOT-light-bulb" */ = {
			isa = XCConfigurationList;
			buildConfigurations = (
				C00016151EC72EC8004861E0 /* Debug */,
				C00016161EC72EC8004861E0 /* Release */,
			);
			defaultConfigurationIsVisible = 0;
		};
/* End XCConfigurationList section */
	};
	rootObject = C00015FA1EC72EC8004861E0 /* Project object */;
}
